
Microsoft Visual Studio Solution File, Format Version 12.00
# Visual Studio 15
VisualStudioVersion = 15.0.27703.2000
MinimumVisualStudioVersion = 10.0.40219.1
Project("{9A19103F-16F7-4668-BE54-9A1E7A4F7556}") = "IPFSBlockchain", "IPFSBlockchain\IPFSBlockchain.csproj", "{BCF3C9F8-D8DC-4119-B393-F90E198EFC96}"
EndProject
Project("{FAE04EC0-301F-11D3-BF4B-00C04F79EFBC}") = "ParallelRandomClassLib", "..\..\..\Documents\Source\Repos\Parallel_PRNG\ParallelRandomClassLib\ParallelRandomClassLib.csproj", "{DF1E14F5-90CB-4510-9A5E-CFC60E0822A8}"
EndProject
Project("{FAE04EC0-301F-11D3-BF4B-00C04F79EFBC}") = "IPFSBlockchainUnitTests", "UnitTestProject2\IPFSBlockchainUnitTests.csproj", "{80AFFD1A-BAA9-4F2B-85B6-7D64A41D7A92}"
	ProjectSection(ProjectDependencies) = postProject
		{DF1E14F5-90CB-4510-9A5E-CFC60E0822A8} = {DF1E14F5-90CB-4510-9A5E-CFC60E0822A8}
		{BCF3C9F8-D8DC-4119-B393-F90E198EFC96} = {BCF3C9F8-D8DC-4119-B393-F90E198EFC96}
	EndProjectSection
EndProject
Global
	GlobalSection(SolutionConfigurationPlatforms) = preSolution
		Debug|Any CPU = Debug|Any CPU
		Release|Any CPU = Release|Any CPU
	EndGlobalSection
	GlobalSection(ProjectConfigurationPlatforms) = postSolution
		{BCF3C9F8-D8DC-4119-B393-F90E198EFC96}.Debug|Any CPU.ActiveCfg = Debug|Any CPU
		{BCF3C9F8-D8DC-4119-B393-F90E198EFC96}.Debug|Any CPU.Build.0 = Debug|Any CPU
		{BCF3C9F8-D8DC-4119-B393-F90E198EFC96}.Release|Any CPU.ActiveCfg = Release|Any CPU
		{BCF3C9F8-D8DC-4119-B393-F90E198EFC96}.Release|Any CPU.Build.0 = Release|Any CPU
		{DF1E14F5-90CB-4510-9A5E-CFC60E0822A8}.Debug|Any CPU.ActiveCfg = Debug|Any CPU
		{DF1E14F5-90CB-4510-9A5E-CFC60E0822A8}.Debug|Any CPU.Build.0 = Debug|Any CPU
		{DF1E14F5-90CB-4510-9A5E-CFC60E0822A8}.Release|Any CPU.ActiveCfg = Release|Any CPU
		{DF1E14F5-90CB-4510-9A5E-CFC60E0822A8}.Release|Any CPU.Build.0 = Release|Any CPU
		{80AFFD1A-BAA9-4F2B-85B6-7D64A41D7A92}.Debug|Any CPU.ActiveCfg = Debug|Any CPU
		{80AFFD1A-BAA9-4F2B-85B6-7D64A41D7A92}.Debug|Any CPU.Build.0 = Debug|Any CPU
		{80AFFD1A-BAA9-4F2B-85B6-7D64A41D7A92}.Release|Any CPU.ActiveCfg = Release|Any CPU
		{80AFFD1A-BAA9-4F2B-85B6-7D64A41D7A92}.Release|Any CPU.Build.0 = Release|Any CPU
	EndGlobalSection
	GlobalSection(SolutionProperties) = preSolution
		HideSolutionNode = FALSE
	EndGlobalSection
	GlobalSection(ExtensibilityGlobals) = postSolution
		SolutionGuid = {5B892331-989F-45EC-A73B-B41DE997157E}
	EndGlobalSection
EndGlobal
